schema: '2.0'
stages:
  generate:
    cmd: python src\generate_churn_data.py params.yaml
    deps:
    - path: params.yaml
      hash: md5
      md5: b26758037f75fae338e098005663d521
      size: 408
    - path: src\generate_churn_data.py
      hash: md5
      md5: 19b551ce920b99300420fc1bafe3703f
      size: 3607
    outs:
    - path: data\raw\churn_raw.csv
      hash: md5
      md5: 1b11b1aa7c12366104ac0a63debcf59e
      size: 193299
  preprocess:
    cmd: python src/preprocess.py params.yaml
    deps:
    - path: data/raw/churn_raw.csv
      hash: md5
      md5: 1b11b1aa7c12366104ac0a63debcf59e
      size: 193299
    - path: params.yaml
      hash: md5
      md5: b26758037f75fae338e098005663d521
      size: 408
    - path: src/preprocess.py
      hash: md5
      md5: 93189a0c752a86f74b3c36fe06c9aa0d
      size: 1706
    outs:
    - path: data/processed/test.csv
      hash: md5
      md5: aef742e36a2cf7037f564583c965932e
      size: 39801
    - path: data/processed/train.csv
      hash: md5
      md5: 4955e97f2a7801cfea224dd2f6909c87
      size: 158790
