schema: '2.0'
stages:
  generate:
    cmd: python src\generate_churn_data.py params.yaml
    deps:
    - path: params.yaml
      hash: md5
      md5: e03c3a7e73d4378d8997523a648811b2
      size: 409
    - path: src\generate_churn_data.py
      hash: md5
      md5: 19b551ce920b99300420fc1bafe3703f
      size: 3607
    outs:
    - path: data\raw\churn_raw.csv
      hash: md5
      md5: 1b11b1aa7c12366104ac0a63debcf59e
      size: 193299
  preprocess:
    cmd: python src/preprocess.py params.yaml
    deps:
    - path: data/raw/churn_raw.csv
      hash: md5
      md5: 1b11b1aa7c12366104ac0a63debcf59e
      size: 193299
    - path: params.yaml
      hash: md5
      md5: e03c3a7e73d4378d8997523a648811b2
      size: 409
    - path: src/preprocess.py
      hash: md5
      md5: 93189a0c752a86f74b3c36fe06c9aa0d
      size: 1706
    outs:
    - path: data/processed/test.csv
      hash: md5
      md5: aef742e36a2cf7037f564583c965932e
      size: 39801
    - path: data/processed/train.csv
      hash: md5
      md5: 4955e97f2a7801cfea224dd2f6909c87
      size: 158790
  train:
    cmd: python src\train.py params.yaml
    deps:
    - path: data\processed\train.csv
      hash: md5
      md5: 4955e97f2a7801cfea224dd2f6909c87
      size: 158790
    - path: params.yaml
      hash: md5
      md5: e03c3a7e73d4378d8997523a648811b2
      size: 409
    - path: src\train.py
      hash: md5
      md5: 1601058e3d99d37d74a6f35a082d93d2
      size: 2454
    outs:
    - path: models\churn_model.joblib
      hash: md5
      md5: fcf45eb41b3360e705f4b46e5369dea0
      size: 9784921
  evaluate:
    cmd: python src\evaluate.py params.yaml
    deps:
    - path: data\processed\test.csv
      hash: md5
      md5: aef742e36a2cf7037f564583c965932e
      size: 39801
    - path: models\churn_model.joblib
      hash: md5
      md5: fcf45eb41b3360e705f4b46e5369dea0
      size: 9784921
    - path: params.yaml
      hash: md5
      md5: e03c3a7e73d4378d8997523a648811b2
      size: 409
    - path: src\evaluate.py
      hash: md5
      md5: cf951187dcedb3659a37db651a2ec2a7
      size: 1731
    outs:
    - path: metrics\metrics.json
      hash: md5
      md5: 226fbb9ed8c3575be764bb3b36ffc3e0
      size: 144
